
Microsoft Visual Studio Solution File, Format Version 12.00
# Visual Studio Version 16
VisualStudioVersion = 16.0.31911.196
MinimumVisualStudioVersion = 10.0.40219.1
Project("{FAE04EC0-301F-11D3-BF4B-00C04F79EFBC}") = "Projeto de Xadrez", "Projeto de Xadrez\Projeto de Xadrez.csproj", "{42A89543-3076-489A-AFD7-1CBDDC53D473}"
EndProject
Global
	GlobalSection(SolutionConfigurationPlatforms) = preSolution
		Debug|Any CPU = Debug|Any CPU
		Release|Any CPU = Release|Any CPU
	EndGlobalSection
	GlobalSection(ProjectConfigurationPlatforms) = postSolution
		{42A89543-3076-489A-AFD7-1CBDDC53D473}.Debug|Any CPU.ActiveCfg = Debug|Any CPU
		{42A89543-3076-489A-AFD7-1CBDDC53D473}.Debug|Any CPU.Build.0 = Debug|Any CPU
		{42A89543-3076-489A-AFD7-1CBDDC53D473}.Release|Any CPU.ActiveCfg = Release|Any CPU
		{42A89543-3076-489A-AFD7-1CBDDC53D473}.Release|Any CPU.Build.0 = Release|Any CPU
	EndGlobalSection
	GlobalSection(SolutionProperties) = preSolution
		HideSolutionNode = FALSE
	EndGlobalSection
	GlobalSection(ExtensibilityGlobals) = postSolution
		SolutionGuid = {BEA64C9F-2BF2-43F1-AE98-9D0CBE59DE87}
	EndGlobalSection
EndGlobal
